
Microsoft Visual Studio Solution File, Format Version 12.00
# Visual Studio 2015
Project("{FAE04EC0-301F-11D3-BF4B-00C04F79EFBC}") = "The Fellnight Prison.CSharp.Plugins", "The Fellnight Prison.CSharp.Plugins.csproj", "{F7A914EF-8904-F4D3-9F7A-4C2DBD9B1CB9}"
EndProject
Project("{FAE04EC0-301F-11D3-BF4B-00C04F79EFBC}") = "The Fellnight Prison.CSharp", "The Fellnight Prison.CSharp.csproj", "{7C7A2627-1270-5683-EFC7-35BC9C8ED657}"
EndProject
Project("{FAE04EC0-301F-11D3-BF4B-00C04F79EFBC}") = "The Fellnight Prison.CSharp.Editor", "The Fellnight Prison.CSharp.Editor.csproj", "{577D1917-18DF-C6EF-FED0-97BC3E8809D1}"
EndProject
Global
	GlobalSection(SolutionConfigurationPlatforms) = preSolution
		Debug|Any CPU = Debug|Any CPU
		Release|Any CPU = Release|Any CPU
	EndGlobalSection
	GlobalSection(ProjectConfigurationPlatforms) = postSolution
		{F7A914EF-8904-F4D3-9F7A-4C2DBD9B1CB9}.Debug|Any CPU.ActiveCfg = Debug|Any CPU
		{F7A914EF-8904-F4D3-9F7A-4C2DBD9B1CB9}.Debug|Any CPU.Build.0 = Debug|Any CPU
		{F7A914EF-8904-F4D3-9F7A-4C2DBD9B1CB9}.Release|Any CPU.ActiveCfg = Release|Any CPU
		{F7A914EF-8904-F4D3-9F7A-4C2DBD9B1CB9}.Release|Any CPU.Build.0 = Release|Any CPU
		{7C7A2627-1270-5683-EFC7-35BC9C8ED657}.Debug|Any CPU.ActiveCfg = Debug|Any CPU
		{7C7A2627-1270-5683-EFC7-35BC9C8ED657}.Debug|Any CPU.Build.0 = Debug|Any CPU
		{7C7A2627-1270-5683-EFC7-35BC9C8ED657}.Release|Any CPU.ActiveCfg = Release|Any CPU
		{7C7A2627-1270-5683-EFC7-35BC9C8ED657}.Release|Any CPU.Build.0 = Release|Any CPU
		{577D1917-18DF-C6EF-FED0-97BC3E8809D1}.Debug|Any CPU.ActiveCfg = Debug|Any CPU
		{577D1917-18DF-C6EF-FED0-97BC3E8809D1}.Debug|Any CPU.Build.0 = Debug|Any CPU
		{577D1917-18DF-C6EF-FED0-97BC3E8809D1}.Release|Any CPU.ActiveCfg = Release|Any CPU
		{577D1917-18DF-C6EF-FED0-97BC3E8809D1}.Release|Any CPU.Build.0 = Release|Any CPU
	EndGlobalSection
	GlobalSection(SolutionProperties) = preSolution
		HideSolutionNode = FALSE
	EndGlobalSection
EndGlobal
